
Microsoft Visual Studio Solution File, Format Version 12.00
# Visual Studio Version 17
VisualStudioVersion = 17.0.31903.59
MinimumVisualStudioVersion = 10.0.40219.1
Project("{2150E333-8FDC-42A3-9474-1A3956D46DE8}") = "Frontend", "Frontend", "{5FDE06A6-FBF2-4C2C-AD66-6A149403FCF0}"
EndProject
Project("{2150E333-8FDC-42A3-9474-1A3956D46DE8}") = "Api", "Api", "{4E903CC8-34FA-4124-AD39-D958D8A1B06D}"
EndProject
Project("{2150E333-8FDC-42A3-9474-1A3956D46DE8}") = "Hosting", "Hosting", "{2FB33DB4-A138-4AC4-9D03-2116FB0EA84D}"
EndProject
Project("{2150E333-8FDC-42A3-9474-1A3956D46DE8}") = "Shared", "Shared", "{12AF63A3-0D79-473B-9894-70C05B746BC5}"
EndProject
Project("{2150E333-8FDC-42A3-9474-1A3956D46DE8}") = "Workers", "Workers", "{E210DEA3-550C-48ED-BF71-C5D852EBF9E8}"
EndProject
Project("{2150E333-8FDC-42A3-9474-1A3956D46DE8}") = "Yarp", "Yarp", "{84ED455F-4D88-4A09-9072-4FDE111F1AD9}"
EndProject
Project("{FAE04EC0-301F-11D3-BF4B-00C04F79EFBC}") = "GSBC.Accounting.ServiceDefaults", "GSBC.Accounting.ServiceDefaults\GSBC.Accounting.ServiceDefaults.csproj", "{BD5F1309-FB14-4762-BF15-4DDB4D0CDEF5}"
EndProject
Project("{FAE04EC0-301F-11D3-BF4B-00C04F79EFBC}") = "GSBC.Accounting.Shared.Contracts", "GSBC.Accounting.Shared.Contracts\GSBC.Accounting.Shared.Contracts.csproj", "{5C91A9F9-2FD4-4FB0-8375-06A3AD5A5E91}"
EndProject
Project("{FAE04EC0-301F-11D3-BF4B-00C04F79EFBC}") = "GSBC.Accounting.Grpc", "GSBC.Accounting.Grpc\GSBC.Accounting.Grpc.csproj", "{DA72B23C-C700-4AF2-8641-14A70C2EB900}"
EndProject
Project("{FAE04EC0-301F-11D3-BF4B-00C04F79EFBC}") = "GSBC.Accounting.WASM", "GSBC.Accounting.WASM\GSBC.Accounting.WASM.csproj", "{5E520225-ABD4-43A8-B439-2CF000551E1B}"
EndProject
Project("{FAE04EC0-301F-11D3-BF4B-00C04F79EFBC}") = "GSBC.Accounting.YARP", "GSBC.Accounting.YARP\GSBC.Accounting.YARP.csproj", "{DAD5EE5A-3AD1-49BE-BBD4-FE553BE6FED1}"
EndProject
Project("{FAE04EC0-301F-11D3-BF4B-00C04F79EFBC}") = "GSBC.Accounting.Workers.DbMigrations", "GSBC.Accounting.Workers.DbMigrations\GSBC.Accounting.Workers.DbMigrations.csproj", "{FD093A84-8C31-4663-9E0C-89119DFFE63A}"
EndProject
Project("{FAE04EC0-301F-11D3-BF4B-00C04F79EFBC}") = "GSBC.Accounting.AppHost", "GSBC.Accounting.AppHost\GSBC.Accounting.AppHost.csproj", "{C3725CF1-C55D-4314-9C44-DD5A986A487D}"
EndProject
Project("{2150E333-8FDC-42A3-9474-1A3956D46DE8}") = "docs", "docs", "{97DA8033-D184-4401-9E40-0D0D0CCCA08B}"
	ProjectSection(SolutionItems) = preProject
		docs\AGENTS.md = docs\AGENTS.md
		docs\README.md = docs\README.md
	EndProjectSection
EndProject
Project("{2150E333-8FDC-42A3-9474-1A3956D46DE8}") = "archive", "archive", "{A03E409E-2533-4314-9FFD-D362CD69ADBD}"
	ProjectSection(SolutionItems) = preProject
		docs\archive\2026-08-expense-forms-scope.md = docs\archive\2026-08-expense-forms-scope.md
		docs\archive\2026-08-impactkids-conventions.md = docs\archive\2026-08-impactkids-conventions.md
		docs\archive\2026-08-mockup-design-spec.md = docs\archive\2026-08-mockup-design-spec.md
	EndProjectSection
EndProject
Project("{2150E333-8FDC-42A3-9474-1A3956D46DE8}") = "examples", "examples", "{EEA6B8AC-57EC-421D-B729-7BA10A93A003}"
	ProjectSection(SolutionItems) = preProject
		docs\examples\README.md = docs\examples\README.md
	EndProjectSection
EndProject
Project("{2150E333-8FDC-42A3-9474-1A3956D46DE8}") = "modules", "modules", "{FCA78D81-D501-48BD-B137-71D2C9757E81}"
EndProject
Project("{2150E333-8FDC-42A3-9474-1A3956D46DE8}") = "expenses", "expenses", "{FE9C5F40-FF95-42BE-A124-C516E7B61DFF}"
	ProjectSection(SolutionItems) = preProject
		docs\modules\expenses\attachments.md = docs\modules\expenses\attachments.md
		docs\modules\expenses\drafts.md = docs\modules\expenses\drafts.md
		docs\modules\expenses\paper-form-fields.md = docs\modules\expenses\paper-form-fields.md
		docs\modules\expenses\submission-model.md = docs\modules\expenses\submission-model.md
	EndProjectSection
EndProject
Project("{2150E333-8FDC-42A3-9474-1A3956D46DE8}") = "frontend", "frontend", "{C251E262-50FE-4524-BD8C-B202FC19BAC1}"
	ProjectSection(SolutionItems) = preProject
		docs\modules\frontend\theme.md = docs\modules\frontend\theme.md
	EndProjectSection
EndProject
Project("{2150E333-8FDC-42A3-9474-1A3956D46DE8}") = "work", "work", "{53503B03-230D-4EEB-9674-B095E7B538D6}"
	ProjectSection(SolutionItems) = preProject
		docs\work\2026-08-outstanding.md = docs\work\2026-08-outstanding.md
	EndProjectSection
EndProject
Global
	GlobalSection(NestedProjects) = preSolution
		{A03E409E-2533-4314-9FFD-D362CD69ADBD} = {97DA8033-D184-4401-9E40-0D0D0CCCA08B}
		{EEA6B8AC-57EC-421D-B729-7BA10A93A003} = {97DA8033-D184-4401-9E40-0D0D0CCCA08B}
		{FCA78D81-D501-48BD-B137-71D2C9757E81} = {97DA8033-D184-4401-9E40-0D0D0CCCA08B}
		{FE9C5F40-FF95-42BE-A124-C516E7B61DFF} = {FCA78D81-D501-48BD-B137-71D2C9757E81}
		{C251E262-50FE-4524-BD8C-B202FC19BAC1} = {FCA78D81-D501-48BD-B137-71D2C9757E81}
		{53503B03-230D-4EEB-9674-B095E7B538D6} = {97DA8033-D184-4401-9E40-0D0D0CCCA08B}
		{C3725CF1-C55D-4314-9C44-DD5A986A487D} = {2FB33DB4-A138-4AC4-9D03-2116FB0EA84D}
		{BD5F1309-FB14-4762-BF15-4DDB4D0CDEF5} = {2FB33DB4-A138-4AC4-9D03-2116FB0EA84D}
		{5C91A9F9-2FD4-4FB0-8375-06A3AD5A5E91} = {12AF63A3-0D79-473B-9894-70C05B746BC5}
		{DA72B23C-C700-4AF2-8641-14A70C2EB900} = {4E903CC8-34FA-4124-AD39-D958D8A1B06D}
		{FD093A84-8C31-4663-9E0C-89119DFFE63A} = {E210DEA3-550C-48ED-BF71-C5D852EBF9E8}
		{5E520225-ABD4-43A8-B439-2CF000551E1B} = {5FDE06A6-FBF2-4C2C-AD66-6A149403FCF0}
		{DAD5EE5A-3AD1-49BE-BBD4-FE553BE6FED1} = {84ED455F-4D88-4A09-9072-4FDE111F1AD9}
	EndGlobalSection
	GlobalSection(SolutionConfigurationPlatforms) = preSolution
		Debug|Any CPU = Debug|Any CPU
		Debug|x64 = Debug|x64
		Debug|x86 = Debug|x86
		Release|Any CPU = Release|Any CPU
		Release|x64 = Release|x64
		Release|x86 = Release|x86
	EndGlobalSection
	GlobalSection(ProjectConfigurationPlatforms) = postSolution
		{BD5F1309-FB14-4762-BF15-4DDB4D0CDEF5}.Debug|Any CPU.ActiveCfg = Debug|Any CPU
		{BD5F1309-FB14-4762-BF15-4DDB4D0CDEF5}.Debug|Any CPU.Build.0 = Debug|Any CPU
		{BD5F1309-FB14-4762-BF15-4DDB4D0CDEF5}.Debug|x64.ActiveCfg = Debug|Any CPU
		{BD5F1309-FB14-4762-BF15-4DDB4D0CDEF5}.Debug|x64.Build.0 = Debug|Any CPU
		{BD5F1309-FB14-4762-BF15-4DDB4D0CDEF5}.Debug|x86.ActiveCfg = Debug|Any CPU
		{BD5F1309-FB14-4762-BF15-4DDB4D0CDEF5}.Debug|x86.Build.0 = Debug|Any CPU
		{BD5F1309-FB14-4762-BF15-4DDB4D0CDEF5}.Release|Any CPU.ActiveCfg = Release|Any CPU
		{BD5F1309-FB14-4762-BF15-4DDB4D0CDEF5}.Release|Any CPU.Build.0 = Release|Any CPU
		{BD5F1309-FB14-4762-BF15-4DDB4D0CDEF5}.Release|x64.ActiveCfg = Release|Any CPU
		{BD5F1309-FB14-4762-BF15-4DDB4D0CDEF5}.Release|x64.Build.0 = Release|Any CPU
		{BD5F1309-FB14-4762-BF15-4DDB4D0CDEF5}.Release|x86.ActiveCfg = Release|Any CPU
		{BD5F1309-FB14-4762-BF15-4DDB4D0CDEF5}.Release|x86.Build.0 = Release|Any CPU
		{5C91A9F9-2FD4-4FB0-8375-06A3AD5A5E91}.Debug|Any CPU.ActiveCfg = Debug|Any CPU
		{5C91A9F9-2FD4-4FB0-8375-06A3AD5A5E91}.Debug|Any CPU.Build.0 = Debug|Any CPU
		{5C91A9F9-2FD4-4FB0-8375-06A3AD5A5E91}.Debug|x64.ActiveCfg = Debug|Any CPU
		{5C91A9F9-2FD4-4FB0-8375-06A3AD5A5E91}.Debug|x64.Build.0 = Debug|Any CPU
		{5C91A9F9-2FD4-4FB0-8375-06A3AD5A5E91}.Debug|x86.ActiveCfg = Debug|Any CPU
		{5C91A9F9-2FD4-4FB0-8375-06A3AD5A5E91}.Debug|x86.Build.0 = Debug|Any CPU
		{5C91A9F9-2FD4-4FB0-8375-06A3AD5A5E91}.Release|Any CPU.ActiveCfg = Release|Any CPU
		{5C91A9F9-2FD4-4FB0-8375-06A3AD5A5E91}.Release|Any CPU.Build.0 = Release|Any CPU
		{5C91A9F9-2FD4-4FB0-8375-06A3AD5A5E91}.Release|x64.ActiveCfg = Release|Any CPU
		{5C91A9F9-2FD4-4FB0-8375-06A3AD5A5E91}.Release|x64.Build.0 = Release|Any CPU
		{5C91A9F9-2FD4-4FB0-8375-06A3AD5A5E91}.Release|x86.ActiveCfg = Release|Any CPU
		{5C91A9F9-2FD4-4FB0-8375-06A3AD5A5E91}.Release|x86.Build.0 = Release|Any CPU
		{DA72B23C-C700-4AF2-8641-14A70C2EB900}.Debug|Any CPU.ActiveCfg = Debug|Any CPU
		{DA72B23C-C700-4AF2-8641-14A70C2EB900}.Debug|Any CPU.Build.0 = Debug|Any CPU
		{DA72B23C-C700-4AF2-8641-14A70C2EB900}.Debug|x64.ActiveCfg = Debug|Any CPU
		{DA72B23C-C700-4AF2-8641-14A70C2EB900}.Debug|x64.Build.0 = Debug|Any CPU
		{DA72B23C-C700-4AF2-8641-14A70C2EB900}.Debug|x86.ActiveCfg = Debug|Any CPU
		{DA72B23C-C700-4AF2-8641-14A70C2EB900}.Debug|x86.Build.0 = Debug|Any CPU
		{DA72B23C-C700-4AF2-8641-14A70C2EB900}.Release|Any CPU.ActiveCfg = Release|Any CPU
		{DA72B23C-C700-4AF2-8641-14A70C2EB900}.Release|Any CPU.Build.0 = Release|Any CPU
		{DA72B23C-C700-4AF2-8641-14A70C2EB900}.Release|x64.ActiveCfg = Release|Any CPU
		{DA72B23C-C700-4AF2-8641-14A70C2EB900}.Release|x64.Build.0 = Release|Any CPU
		{DA72B23C-C700-4AF2-8641-14A70C2EB900}.Release|x86.ActiveCfg = Release|Any CPU
		{DA72B23C-C700-4AF2-8641-14A70C2EB900}.Release|x86.Build.0 = Release|Any CPU
		{5E520225-ABD4-43A8-B439-2CF000551E1B}.Debug|Any CPU.ActiveCfg = Debug|Any CPU
		{5E520225-ABD4-43A8-B439-2CF000551E1B}.Debug|Any CPU.Build.0 = Debug|Any CPU
		{5E520225-ABD4-43A8-B439-2CF000551E1B}.Debug|x64.ActiveCfg = Debug|Any CPU
		{5E520225-ABD4-43A8-B439-2CF000551E1B}.Debug|x64.Build.0 = Debug|Any CPU
		{5E520225-ABD4-43A8-B439-2CF000551E1B}.Debug|x86.ActiveCfg = Debug|Any CPU
		{5E520225-ABD4-43A8-B439-2CF000551E1B}.Debug|x86.Build.0 = Debug|Any CPU
		{5E520225-ABD4-43A8-B439-2CF000551E1B}.Release|Any CPU.ActiveCfg = Release|Any CPU
		{5E520225-ABD4-43A8-B439-2CF000551E1B}.Release|Any CPU.Build.0 = Release|Any CPU
		{5E520225-ABD4-43A8-B439-2CF000551E1B}.Release|x64.ActiveCfg = Release|Any CPU
		{5E520225-ABD4-43A8-B439-2CF000551E1B}.Release|x64.Build.0 = Release|Any CPU
		{5E520225-ABD4-43A8-B439-2CF000551E1B}.Release|x86.ActiveCfg = Release|Any CPU
		{5E520225-ABD4-43A8-B439-2CF000551E1B}.Release|x86.Build.0 = Release|Any CPU
		{DAD5EE5A-3AD1-49BE-BBD4-FE553BE6FED1}.Debug|Any CPU.ActiveCfg = Debug|Any CPU
		{DAD5EE5A-3AD1-49BE-BBD4-FE553BE6FED1}.Debug|Any CPU.Build.0 = Debug|Any CPU
		{DAD5EE5A-3AD1-49BE-BBD4-FE553BE6FED1}.Debug|x64.ActiveCfg = Debug|Any CPU
		{DAD5EE5A-3AD1-49BE-BBD4-FE553BE6FED1}.Debug|x64.Build.0 = Debug|Any CPU
		{DAD5EE5A-3AD1-49BE-BBD4-FE553BE6FED1}.Debug|x86.ActiveCfg = Debug|Any CPU
		{DAD5EE5A-3AD1-49BE-BBD4-FE553BE6FED1}.Debug|x86.Build.0 = Debug|Any CPU
		{DAD5EE5A-3AD1-49BE-BBD4-FE553BE6FED1}.Release|Any CPU.ActiveCfg = Release|Any CPU
		{DAD5EE5A-3AD1-49BE-BBD4-FE553BE6FED1}.Release|Any CPU.Build.0 = Release|Any CPU
		{DAD5EE5A-3AD1-49BE-BBD4-FE553BE6FED1}.Release|x64.ActiveCfg = Release|Any CPU
		{DAD5EE5A-3AD1-49BE-BBD4-FE553BE6FED1}.Release|x64.Build.0 = Release|Any CPU
		{DAD5EE5A-3AD1-49BE-BBD4-FE553BE6FED1}.Release|x86.ActiveCfg = Release|Any CPU
		{DAD5EE5A-3AD1-49BE-BBD4-FE553BE6FED1}.Release|x86.Build.0 = Release|Any CPU
		{FD093A84-8C31-4663-9E0C-89119DFFE63A}.Debug|Any CPU.ActiveCfg = Debug|Any CPU
		{FD093A84-8C31-4663-9E0C-89119DFFE63A}.Debug|Any CPU.Build.0 = Debug|Any CPU
		{FD093A84-8C31-4663-9E0C-89119DFFE63A}.Debug|x64.ActiveCfg = Debug|Any CPU
		{FD093A84-8C31-4663-9E0C-89119DFFE63A}.Debug|x64.Build.0 = Debug|Any CPU
		{FD093A84-8C31-4663-9E0C-89119DFFE63A}.Debug|x86.ActiveCfg = Debug|Any CPU
		{FD093A84-8C31-4663-9E0C-89119DFFE63A}.Debug|x86.Build.0 = Debug|Any CPU
		{FD093A84-8C31-4663-9E0C-89119DFFE63A}.Release|Any CPU.ActiveCfg = Release|Any CPU
		{FD093A84-8C31-4663-9E0C-89119DFFE63A}.Release|Any CPU.Build.0 = Release|Any CPU
		{FD093A84-8C31-4663-9E0C-89119DFFE63A}.Release|x64.ActiveCfg = Release|Any CPU
		{FD093A84-8C31-4663-9E0C-89119DFFE63A}.Release|x64.Build.0 = Release|Any CPU
		{FD093A84-8C31-4663-9E0C-89119DFFE63A}.Release|x86.ActiveCfg = Release|Any CPU
		{FD093A84-8C31-4663-9E0C-89119DFFE63A}.Release|x86.Build.0 = Release|Any CPU
		{C3725CF1-C55D-4314-9C44-DD5A986A487D}.Debug|Any CPU.ActiveCfg = Debug|Any CPU
		{C3725CF1-C55D-4314-9C44-DD5A986A487D}.Debug|Any CPU.Build.0 = Debug|Any CPU
		{C3725CF1-C55D-4314-9C44-DD5A986A487D}.Debug|x64.ActiveCfg = Debug|Any CPU
		{C3725CF1-C55D-4314-9C44-DD5A986A487D}.Debug|x64.Build.0 = Debug|Any CPU
		{C3725CF1-C55D-4314-9C44-DD5A986A487D}.Debug|x86.ActiveCfg = Debug|Any CPU
		{C3725CF1-C55D-4314-9C44-DD5A986A487D}.Debug|x86.Build.0 = Debug|Any CPU
		{C3725CF1-C55D-4314-9C44-DD5A986A487D}.Release|Any CPU.ActiveCfg = Release|Any CPU
		{C3725CF1-C55D-4314-9C44-DD5A986A487D}.Release|Any CPU.Build.0 = Release|Any CPU
		{C3725CF1-C55D-4314-9C44-DD5A986A487D}.Release|x64.ActiveCfg = Release|Any CPU
		{C3725CF1-C55D-4314-9C44-DD5A986A487D}.Release|x64.Build.0 = Release|Any CPU
		{C3725CF1-C55D-4314-9C44-DD5A986A487D}.Release|x86.ActiveCfg = Release|Any CPU
		{C3725CF1-C55D-4314-9C44-DD5A986A487D}.Release|x86.Build.0 = Release|Any CPU
	EndGlobalSection
	GlobalSection(SolutionProperties) = preSolution
		HideSolutionNode = FALSE
	EndGlobalSection
EndGlobal
